// !$*UTF8*$!
{
	archiveVersion = 1;
	classes = {
	};
	objectVersion = 46;
	objects = {

/* Begin PBXBuildFile section */
		18374BD71CAA9A13004C379E /* libBPush.a in Frameworks */ = {isa = PBXBuildFile; fileRef = 18374BD51CAA9A13004C379E /* libBPush.a */; };
		18374BD81CAA9A13004C379E /* test.caf in Resources */ = {isa = PBXBuildFile; fileRef = 18374BD61CAA9A13004C379E /* test.caf */; };
		18374BDA1CAA9A5C004C379E /* libz.tbd in Frameworks */ = {isa = PBXBuildFile; fileRef = 18374BD91CAA9A5C004C379E /* libz.tbd */; };
		18374BE01CAA9AF7004C379E /* ForgotViewController.m in Sources */ = {isa = PBXBuildFile; fileRef = 18374BDF1CAA9AF7004C379E /* ForgotViewController.m */; };
		18374BE91CAA9B66004C379E /* TheForgotView.m in Sources */ = {isa = PBXBuildFile; fileRef = 18374BE71CAA9B66004C379E /* TheForgotView.m */; };
		18374BEA1CAA9B66004C379E /* TheForgotView.xib in Resources */ = {isa = PBXBuildFile; fileRef = 18374BE81CAA9B66004C379E /* TheForgotView.xib */; };
		18374BF01CAAC657004C379E /* PrivateViewController.m in Sources */ = {isa = PBXBuildFile; fileRef = 18374BEF1CAAC657004C379E /* PrivateViewController.m */; };
		18374BF91CAAC88C004C379E /* NotificationViewController.m in Sources */ = {isa = PBXBuildFile; fileRef = 18374BF81CAAC88C004C379E /* NotificationViewController.m */; };
		18374BFF1CAAC90A004C379E /* AccountViewController.m in Sources */ = {isa = PBXBuildFile; fileRef = 18374BFE1CAAC90A004C379E /* AccountViewController.m */; };
		18432FDE1CD78F2F00E5D225 /* GPUImage.framework in Frameworks */ = {isa = PBXBuildFile; fileRef = 18432FDA1CD78F2F00E5D225 /* GPUImage.framework */; };
		18432FDF1CD78F2F00E5D225 /* TuSDK.bundle in Resources */ = {isa = PBXBuildFile; fileRef = 18432FDB1CD78F2F00E5D225 /* TuSDK.bundle */; };
		18432FE01CD78F2F00E5D225 /* TuSDK.framework in Frameworks */ = {isa = PBXBuildFile; fileRef = 18432FDC1CD78F2F00E5D225 /* TuSDK.framework */; };
		18432FE11CD78F2F00E5D225 /* TuSDKGeeV1.framework in Frameworks */ = {isa = PBXBuildFile; fileRef = 18432FDD1CD78F2F00E5D225 /* TuSDKGeeV1.framework */; };
		18432FE51CD7991400E5D225 /* ChangePortraitViewController.m in Sources */ = {isa = PBXBuildFile; fileRef = 18432FE41CD7991400E5D225 /* ChangePortraitViewController.m */; };
		18432FEA1CD7999C00E5D225 /* SimpleCameraComponent.m in Sources */ = {isa = PBXBuildFile; fileRef = 18432FE71CD7999C00E5D225 /* SimpleCameraComponent.m */; };
		18432FEB1CD7999C00E5D225 /* SimpleEditMultipleComponent.m in Sources */ = {isa = PBXBuildFile; fileRef = 18432FE91CD7999C00E5D225 /* SimpleEditMultipleComponent.m */; };
		18432FEE1CD799C100E5D225 /* DemoSimpleBase.m in Sources */ = {isa = PBXBuildFile; fileRef = 18432FED1CD799C100E5D225 /* DemoSimpleBase.m */; };
		184FF4E81CA78EC30075049D /* main.m in Sources */ = {isa = PBXBuildFile; fileRef = 184FF4E71CA78EC30075049D /* main.m */; };
		184FF4EB1CA78EC30075049D /* AppDelegate.m in Sources */ = {isa = PBXBuildFile; fileRef = 184FF4EA1CA78EC30075049D /* AppDelegate.m */; };
		184FF4F31CA78EC30075049D /* Assets.xcassets in Resources */ = {isa = PBXBuildFile; fileRef = 184FF4F21CA78EC30075049D /* Assets.xcassets */; };
		184FF5061CA79C640075049D /* LoginViewController.m in Sources */ = {isa = PBXBuildFile; fileRef = 184FF5051CA79C640075049D /* LoginViewController.m */; };
		184FF5081CA7A3E40075049D /* Images.xcassets in Resources */ = {isa = PBXBuildFile; fileRef = 184FF5071CA7A3E40075049D /* Images.xcassets */; };
		184FF5121CA7A6CE0075049D /* BaseViewController.m in Sources */ = {isa = PBXBuildFile; fileRef = 184FF5111CA7A6CE0075049D /* BaseViewController.m */; };
		184FF52A1CA7F9160075049D /* TheLoginView.m in Sources */ = {isa = PBXBuildFile; fileRef = 184FF5291CA7F9160075049D /* TheLoginView.m */; };
		184FF5361CA80E590075049D /* StartViewController.m in Sources */ = {isa = PBXBuildFile; fileRef = 184FF5351CA80E590075049D /* StartViewController.m */; };
		184FF53C1CA80EAA0075049D /* TheStartView.m in Sources */ = {isa = PBXBuildFile; fileRef = 184FF53B1CA80EAA0075049D /* TheStartView.m */; };
		184FF5421CA811870075049D /* loginView-568h@2x.png in Resources */ = {isa = PBXBuildFile; fileRef = 184FF5401CA811870075049D /* loginView-568h@2x.png */; };
		184FF5431CA811870075049D /* loginView@2x.png in Resources */ = {isa = PBXBuildFile; fileRef = 184FF5411CA811870075049D /* loginView@2x.png */; };
		184FF54B1CA812E80075049D /* Localizable.strings in Resources */ = {isa = PBXBuildFile; fileRef = 184FF54D1CA812E80075049D /* Localizable.strings */; };
		184FF5511CA815C60075049D /* TheStartView.xib in Resources */ = {isa = PBXBuildFile; fileRef = 184FF5501CA815C60075049D /* TheStartView.xib */; };
		184FF55D1CA81CB20075049D /* RegisterViewController.m in Sources */ = {isa = PBXBuildFile; fileRef = 184FF55C1CA81CB20075049D /* RegisterViewController.m */; };
		184FF5671CA81D2F0075049D /* TheLoginView.xib in Resources */ = {isa = PBXBuildFile; fileRef = 184FF5661CA81D2F0075049D /* TheLoginView.xib */; };
		184FF56B1CA81D540075049D /* TheRegisterView.m in Sources */ = {isa = PBXBuildFile; fileRef = 184FF5691CA81D540075049D /* TheRegisterView.m */; };
		184FF56C1CA81D540075049D /* TheRegisterView.xib in Resources */ = {isa = PBXBuildFile; fileRef = 184FF56A1CA81D540075049D /* TheRegisterView.xib */; };
		184FF56F1CA81DBA0075049D /* Tools.m in Sources */ = {isa = PBXBuildFile; fileRef = 184FF56E1CA81DBA0075049D /* Tools.m */; };
		184FF5751CA824C40075049D /* MainViewController.m in Sources */ = {isa = PBXBuildFile; fileRef = 184FF5741CA824C40075049D /* MainViewController.m */; };
		184FF5851CA8292C0075049D /* contact.png in Resources */ = {isa = PBXBuildFile; fileRef = 184FF5791CA8292C0075049D /* contact.png */; };
		184FF5861CA8292C0075049D /* contact@2x.png in Resources */ = {isa = PBXBuildFile; fileRef = 184FF57A1CA8292C0075049D /* contact@2x.png */; };
		184FF5871CA8292C0075049D /* contact@3x.png in Resources */ = {isa = PBXBuildFile; fileRef = 184FF57B1CA8292C0075049D /* contact@3x.png */; };
		184FF5881CA8292C0075049D /* me.png in Resources */ = {isa = PBXBuildFile; fileRef = 184FF57C1CA8292C0075049D /* me.png */; };
		184FF5891CA8292C0075049D /* me@2x.png in Resources */ = {isa = PBXBuildFile; fileRef = 184FF57D1CA8292C0075049D /* me@2x.png */; };
		184FF58A1CA8292C0075049D /* me@3x.png in Resources */ = {isa = PBXBuildFile; fileRef = 184FF57E1CA8292C0075049D /* me@3x.png */; };
		184FF58B1CA8292C0075049D /* message.png in Resources */ = {isa = PBXBuildFile; fileRef = 184FF57F1CA8292C0075049D /* message.png */; };
		184FF58C1CA8292C0075049D /* message@2x.png in Resources */ = {isa = PBXBuildFile; fileRef = 184FF5801CA8292C0075049D /* message@2x.png */; };
		184FF58D1CA8292C0075049D /* message@3x.png in Resources */ = {isa = PBXBuildFile; fileRef = 184FF5811CA8292C0075049D /* message@3x.png */; };
		184FF58E1CA8292C0075049D /* todo.png in Resources */ = {isa = PBXBuildFile; fileRef = 184FF5821CA8292C0075049D /* todo.png */; };
		184FF58F1CA8292C0075049D /* todo@2x.png in Resources */ = {isa = PBXBuildFile; fileRef = 184FF5831CA8292C0075049D /* todo@2x.png */; };
		184FF5901CA8292C0075049D /* todo@3x.png in Resources */ = {isa = PBXBuildFile; fileRef = 184FF5841CA8292C0075049D /* todo@3x.png */; };
		184FF5A71CA82A6D0075049D /* MeViewController.m in Sources */ = {isa = PBXBuildFile; fileRef = 184FF5A61CA82A6D0075049D /* MeViewController.m */; };
		184FF5AA1CA82A780075049D /* TodoViewController.m in Sources */ = {isa = PBXBuildFile; fileRef = 184FF5A91CA82A780075049D /* TodoViewController.m */; };
		184FF5AD1CA82A930075049D /* ContactViewController.m in Sources */ = {isa = PBXBuildFile; fileRef = 184FF5AC1CA82A930075049D /* ContactViewController.m */; };
		184FF5B01CA82A9D0075049D /* MessageViewController.m in Sources */ = {isa = PBXBuildFile; fileRef = 184FF5AF1CA82A9D0075049D /* MessageViewController.m */; };
		184FF5B41CA82F720075049D /* btn_set_normal@2x.png in Resources */ = {isa = PBXBuildFile; fileRef = 184FF5B31CA82F720075049D /* btn_set_normal@2x.png */; };
		188D6BFC1CA9771600DA4438 /* MJFooterView.m in Sources */ = {isa = PBXBuildFile; fileRef = 188D6BFB1CA9771600DA4438 /* MJFooterView.m */; };
		188D6C011CA9772D00DA4438 /* dropdown_anim__0001@2x.png in Resources */ = {isa = PBXBuildFile; fileRef = 188D6BFD1CA9772D00DA4438 /* dropdown_anim__0001@2x.png */; };
		188D6C021CA9772D00DA4438 /* dropdown_loading_01@2x.png in Resources */ = {isa = PBXBuildFile; fileRef = 188D6BFE1CA9772D00DA4438 /* dropdown_loading_01@2x.png */; };
		188D6C031CA9772D00DA4438 /* dropdown_loading_02@2x.png in Resources */ = {isa = PBXBuildFile; fileRef = 188D6BFF1CA9772D00DA4438 /* dropdown_loading_02@2x.png */; };
		188D6C041CA9772D00DA4438 /* dropdown_loading_03@2x.png in Resources */ = {isa = PBXBuildFile; fileRef = 188D6C001CA9772D00DA4438 /* dropdown_loading_03@2x.png */; };
		18A34D871CA8B86C009A33FD /* MeViewCell.m in Sources */ = {isa = PBXBuildFile; fileRef = 18A34D851CA8B86C009A33FD /* MeViewCell.m */; };
		18A34D881CA8B86C009A33FD /* MeViewCell.xib in Resources */ = {isa = PBXBuildFile; fileRef = 18A34D861CA8B86C009A33FD /* MeViewCell.xib */; };
		18A34D8B1CA8C3D0009A33FD /* orn_man02@2x.png in Resources */ = {isa = PBXBuildFile; fileRef = 18A34D8A1CA8C3D0009A33FD /* orn_man02@2x.png */; };
		18A34D901CA8D1B2009A33FD /* account@2x.png in Resources */ = {isa = PBXBuildFile; fileRef = 18A34D8C1CA8D1B2009A33FD /* account@2x.png */; };
		18A34D911CA8D1B2009A33FD /* feedback@2x.png in Resources */ = {isa = PBXBuildFile; fileRef = 18A34D8D1CA8D1B2009A33FD /* feedback@2x.png */; };
		18A34D921CA8D1B2009A33FD /* notification@2x.png in Resources */ = {isa = PBXBuildFile; fileRef = 18A34D8E1CA8D1B2009A33FD /* notification@2x.png */; };
		18A34D931CA8D1B2009A33FD /* private@2x.png in Resources */ = {isa = PBXBuildFile; fileRef = 18A34D8F1CA8D1B2009A33FD /* private@2x.png */; };
		18A34D9F1CA8DE47009A33FD /* MeViewOtherCell.m in Sources */ = {isa = PBXBuildFile; fileRef = 18A34D9D1CA8DE47009A33FD /* MeViewOtherCell.m */; };
		18A34DA01CA8DE47009A33FD /* MeViewOtherCell.xib in Resources */ = {isa = PBXBuildFile; fileRef = 18A34D9E1CA8DE47009A33FD /* MeViewOtherCell.xib */; };
		18A34DA31CA8DE67009A33FD /* FeedbackViewController.m in Sources */ = {isa = PBXBuildFile; fileRef = 18A34DA21CA8DE67009A33FD /* FeedbackViewController.m */; };
		18A34DAE1CA90977009A33FD /* TodoTableViewCell.m in Sources */ = {isa = PBXBuildFile; fileRef = 18A34DAC1CA90977009A33FD /* TodoTableViewCell.m */; };
		18A34DAF1CA90977009A33FD /* TodoTableViewCell.xib in Resources */ = {isa = PBXBuildFile; fileRef = 18A34DAD1CA90977009A33FD /* TodoTableViewCell.xib */; };
		18A34DD11CA91189009A33FD /* LaunchImage-1-568h@2x.png in Resources */ = {isa = PBXBuildFile; fileRef = 18A34DCD1CA91189009A33FD /* LaunchImage-1-568h@2x.png */; };
		18A34DD21CA91189009A33FD /* LaunchImage-2-568h@2x.png in Resources */ = {isa = PBXBuildFile; fileRef = 18A34DCE1CA91189009A33FD /* LaunchImage-2-568h@2x.png */; };
		18A34DD31CA91189009A33FD /* LaunchImage-3-568h@2x.png in Resources */ = {isa = PBXBuildFile; fileRef = 18A34DCF1CA91189009A33FD /* LaunchImage-3-568h@2x.png */; };
		18A34DD41CA91189009A33FD /* LaunchImage-4-568h@2x.png in Resources */ = {isa = PBXBuildFile; fileRef = 18A34DD01CA91189009A33FD /* LaunchImage-4-568h@2x.png */; };
		18A34DDB1CA9135D009A33FD /* GuideView.m in Sources */ = {isa = PBXBuildFile; fileRef = 18A34DDA1CA9135D009A33FD /* GuideView.m */; };
		18A34DDE1CA91E15009A33FD /* dot@2x.png in Resources */ = {isa = PBXBuildFile; fileRef = 18A34DDD1CA91E15009A33FD /* dot@2x.png */; };
		18A34DE11CA92348009A33FD /* btn_return_normal@2x.png in Resources */ = {isa = PBXBuildFile; fileRef = 18A34DE01CA92348009A33FD /* btn_return_normal@2x.png */; };
		18A34DE71CA92B15009A33FD /* MyInfoViewController.m in Sources */ = {isa = PBXBuildFile; fileRef = 18A34DE61CA92B15009A33FD /* MyInfoViewController.m */; };
		18A34DF01CA9302A009A33FD /* MyDetailInfoView.m in Sources */ = {isa = PBXBuildFile; fileRef = 18A34DEE1CA9302A009A33FD /* MyDetailInfoView.m */; };
		18A34DFC1CA936DF009A33FD /* MyOtherInfoViewCell.m in Sources */ = {isa = PBXBuildFile; fileRef = 18A34DFA1CA936DF009A33FD /* MyOtherInfoViewCell.m */; };
		18A34DFD1CA936DF009A33FD /* MyOtherInfoViewCell.xib in Resources */ = {isa = PBXBuildFile; fileRef = 18A34DFB1CA936DF009A33FD /* MyOtherInfoViewCell.xib */; };
		18A34DFF1CA936FC009A33FD /* MyDetailInfoView.xib in Resources */ = {isa = PBXBuildFile; fileRef = 18A34DFE1CA936FC009A33FD /* MyDetailInfoView.xib */; };
		47F7C7FD1CB5F1F9004D8031 /* MobileCoreServices.framework in Frameworks */ = {isa = PBXBuildFile; fileRef = 47F7C7FC1CB5F1F9004D8031 /* MobileCoreServices.framework */; };
		47F7C7FF1CB5F203004D8031 /* CFNetwork.framework in Frameworks */ = {isa = PBXBuildFile; fileRef = 47F7C7FE1CB5F203004D8031 /* CFNetwork.framework */; };
		47F7C8011CB5F23A004D8031 /* libsqlite3.tbd in Frameworks */ = {isa = PBXBuildFile; fileRef = 47F7C8001CB5F23A004D8031 /* libsqlite3.tbd */; };
		47F7C8031CB5F244004D8031 /* libstdc++.6.0.9.tbd in Frameworks */ = {isa = PBXBuildFile; fileRef = 47F7C8021CB5F244004D8031 /* libstdc++.6.0.9.tbd */; };
		47F7C8051CB5F257004D8031 /* libiconv.tbd in Frameworks */ = {isa = PBXBuildFile; fileRef = 47F7C8041CB5F257004D8031 /* libiconv.tbd */; };
		47F7C8071CB5F269004D8031 /* libresolv.tbd in Frameworks */ = {isa = PBXBuildFile; fileRef = 47F7C8061CB5F269004D8031 /* libresolv.tbd */; };
		47F7C8091CB5F274004D8031 /* libxml2.tbd in Frameworks */ = {isa = PBXBuildFile; fileRef = 47F7C8081CB5F274004D8031 /* libxml2.tbd */; };
		FBE72162D56EA7381DC4D8FD /* libPods.a in Frameworks */ = {isa = PBXBuildFile; fileRef = E7795F7571B4ACE2D8631181 /* libPods.a */; };
/* End PBXBuildFile section */

/* Begin PBXFileReference section */
		10C9B4D2D7A49C768B7E7EC7 /* Pods.debug.xcconfig */ = {isa = PBXFileReference; includeInIndex = 1; lastKnownFileType = text.xcconfig; name = Pods.debug.xcconfig; path = "Pods/Target Support Files/Pods/Pods.debug.xcconfig"; sourceTree = "<group>"; };
		18374BD41CAA9A13004C379E /* BPush.h */ = {isa = PBXFileReference; fileEncoding = 4; lastKnownFileType = sourcecode.c.h; name = BPush.h; path = Vendor/libBaiduPush/BPush.h; sourceTree = "<group>"; };
		18374BD51CAA9A13004C379E /* libBPush.a */ = {isa = PBXFileReference; lastKnownFileType = archive.ar; name = libBPush.a; path = Vendor/libBaiduPush/libBPush.a; sourceTree = "<group>"; };
		18374BD61CAA9A13004C379E /* test.caf */ = {isa = PBXFileReference; lastKnownFileType = file; name = test.caf; path = Vendor/libBaiduPush/test.caf; sourceTree = "<group>"; };
		18374BD91CAA9A5C004C379E /* libz.tbd */ = {isa = PBXFileReference; lastKnownFileType = "sourcecode.text-based-dylib-definition"; name = libz.tbd; path = usr/lib/libz.tbd; sourceTree = SDKROOT; };
		18374BDE1CAA9AF7004C379E /* ForgotViewController.h */ = {isa = PBXFileReference; fileEncoding = 4; lastKnownFileType = sourcecode.c.h; name = ForgotViewController.h; path = LoginView/Controller/ForgotViewController.h; sourceTree = "<group>"; };
		18374BDF1CAA9AF7004C379E /* ForgotViewController.m */ = {isa = PBXFileReference; fileEncoding = 4; lastKnownFileType = sourcecode.c.objc; name = ForgotViewController.m; path = LoginView/Controller/ForgotViewController.m; sourceTree = "<group>"; };
		18374BE61CAA9B66004C379E /* TheForgotView.h */ = {isa = PBXFileReference; fileEncoding = 4; lastKnownFileType = sourcecode.c.h; name = TheForgotView.h; path = LoginView/View/TheForgotView.h; sourceTree = "<group>"; };
		18374BE71CAA9B66004C379E /* TheForgotView.m */ = {isa = PBXFileReference; fileEncoding = 4; lastKnownFileType = sourcecode.c.objc; name = TheForgotView.m; path = LoginView/View/TheForgotView.m; sourceTree = "<group>"; };
		18374BE81CAA9B66004C379E /* TheForgotView.xib */ = {isa = PBXFileReference; fileEncoding = 4; lastKnownFileType = file.xib; name = TheForgotView.xib; path = LoginView/View/TheForgotView.xib; sourceTree = "<group>"; };
		18374BEE1CAAC657004C379E /* PrivateViewController.h */ = {isa = PBXFileReference; fileEncoding = 4; lastKnownFileType = sourcecode.c.h; name = PrivateViewController.h; path = MeView/Controller/PrivateViewController.h; sourceTree = "<group>"; };
		18374BEF1CAAC657004C379E /* PrivateViewController.m */ = {isa = PBXFileReference; fileEncoding = 4; lastKnownFileType = sourcecode.c.objc; name = PrivateViewController.m; path = MeView/Controller/PrivateViewController.m; sourceTree = "<group>"; };
		18374BF71CAAC88C004C379E /* NotificationViewController.h */ = {isa = PBXFileReference; fileEncoding = 4; lastKnownFileType = sourcecode.c.h; name = NotificationViewController.h; path = MeView/Controller/NotificationViewController.h; sourceTree = "<group>"; };
		18374BF81CAAC88C004C379E /* NotificationViewController.m */ = {isa = PBXFileReference; fileEncoding = 4; lastKnownFileType = sourcecode.c.objc; name = NotificationViewController.m; path = MeView/Controller/NotificationViewController.m; sourceTree = "<group>"; };
		18374BFD1CAAC90A004C379E /* AccountViewController.h */ = {isa = PBXFileReference; fileEncoding = 4; lastKnownFileType = sourcecode.c.h; name = AccountViewController.h; path = MeView/Controller/AccountViewController.h; sourceTree = "<group>"; };
		18374BFE1CAAC90A004C379E /* AccountViewController.m */ = {isa = PBXFileReference; fileEncoding = 4; lastKnownFileType = sourcecode.c.objc; name = AccountViewController.m; path = MeView/Controller/AccountViewController.m; sourceTree = "<group>"; };
		18432FDA1CD78F2F00E5D225 /* GPUImage.framework */ = {isa = PBXFileReference; lastKnownFileType = wrapper.framework; name = GPUImage.framework; path = Vendor/libTuSDK/GPUImage.framework; sourceTree = "<group>"; };
		18432FDB1CD78F2F00E5D225 /* TuSDK.bundle */ = {isa = PBXFileReference; lastKnownFileType = "wrapper.plug-in"; name = TuSDK.bundle; path = Vendor/libTuSDK/TuSDK.bundle; sourceTree = "<group>"; };
		18432FDC1CD78F2F00E5D225 /* TuSDK.framework */ = {isa = PBXFileReference; lastKnownFileType = wrapper.framework; name = TuSDK.framework; path = Vendor/libTuSDK/TuSDK.framework; sourceTree = "<group>"; };
		18432FDD1CD78F2F00E5D225 /* TuSDKGeeV1.framework */ = {isa = PBXFileReference; lastKnownFileType = wrapper.framework; name = TuSDKGeeV1.framework; path = Vendor/libTuSDK/TuSDKGeeV1.framework; sourceTree = "<group>"; };
		18432FE21CD794E300E5D225 /* TuSDKFramework.h */ = {isa = PBXFileReference; fileEncoding = 4; lastKnownFileType = sourcecode.c.h; name = TuSDKFramework.h; path = Includes/TuSDKFramework.h; sourceTree = "<group>"; };
		18432FE31CD7991400E5D225 /* ChangePortraitViewController.h */ = {isa = PBXFileReference; fileEncoding = 4; lastKnownFileType = sourcecode.c.h; name = ChangePortraitViewController.h; path = MeView/Controller/ChangePortraitViewController.h; sourceTree = "<group>"; };
		18432FE41CD7991400E5D225 /* ChangePortraitViewController.m */ = {isa = PBXFileReference; fileEncoding = 4; lastKnownFileType = sourcecode.c.objc; name = ChangePortraitViewController.m; path = MeView/Controller/ChangePortraitViewController.m; sourceTree = "<group>"; };
		18432FE61CD7999C00E5D225 /* SimpleCameraComponent.h */ = {isa = PBXFileReference; fileEncoding = 4; lastKnownFileType = sourcecode.c.h; name = SimpleCameraComponent.h; path = MeView/Controller/SimpleCameraComponent.h; sourceTree = "<group>"; };
		18432FE71CD7999C00E5D225 /* SimpleCameraComponent.m */ = {isa = PBXFileReference; fileEncoding = 4; lastKnownFileType = sourcecode.c.objc; name = SimpleCameraComponent.m; path = MeView/Controller/SimpleCameraComponent.m; sourceTree = "<group>"; };
		18432FE81CD7999C00E5D225 /* SimpleEditMultipleComponent.h */ = {isa = PBXFileReference; fileEncoding = 4; lastKnownFileType = sourcecode.c.h; name = SimpleEditMultipleComponent.h; path = MeView/Controller/SimpleEditMultipleComponent.h; sourceTree = "<group>"; };
		18432FE91CD7999C00E5D225 /* SimpleEditMultipleComponent.m */ = {isa = PBXFileReference; fileEncoding = 4; lastKnownFileType = sourcecode.c.objc; name = SimpleEditMultipleComponent.m; path = MeView/Controller/SimpleEditMultipleComponent.m; sourceTree = "<group>"; };
		18432FEC1CD799C100E5D225 /* DemoSimpleBase.h */ = {isa = PBXFileReference; fileEncoding = 4; lastKnownFileType = sourcecode.c.h; name = DemoSimpleBase.h; path = MeView/Controller/DemoSimpleBase.h; sourceTree = "<group>"; };
		18432FED1CD799C100E5D225 /* DemoSimpleBase.m */ = {isa = PBXFileReference; fileEncoding = 4; lastKnownFileType = sourcecode.c.objc; name = DemoSimpleBase.m; path = MeView/Controller/DemoSimpleBase.m; sourceTree = "<group>"; };
		184FF4E31CA78EC30075049D /* Proj318.app */ = {isa = PBXFileReference; explicitFileType = wrapper.application; includeInIndex = 0; path = Proj318.app; sourceTree = BUILT_PRODUCTS_DIR; };
		184FF4E71CA78EC30075049D /* main.m */ = {isa = PBXFileReference; lastKnownFileType = sourcecode.c.objc; path = main.m; sourceTree = "<group>"; };
		184FF4E91CA78EC30075049D /* AppDelegate.h */ = {isa = PBXFileReference; lastKnownFileType = sourcecode.c.h; path = AppDelegate.h; sourceTree = "<group>"; };
		184FF4EA1CA78EC30075049D /* AppDelegate.m */ = {isa = PBXFileReference; lastKnownFileType = sourcecode.c.objc; path = AppDelegate.m; sourceTree = "<group>"; };
		184FF4F21CA78EC30075049D /* Assets.xcassets */ = {isa = PBXFileReference; lastKnownFileType = folder.assetcatalog; path = Assets.xcassets; sourceTree = "<group>"; };
		184FF4F71CA78EC30075049D /* Info.plist */ = {isa = PBXFileReference; lastKnownFileType = text.plist.xml; path = Info.plist; sourceTree = "<group>"; };
		184FF5041CA79C640075049D /* LoginViewController.h */ = {isa = PBXFileReference; fileEncoding = 4; lastKnownFileType = sourcecode.c.h; name = LoginViewController.h; path = LoginView/Controller/LoginViewController.h; sourceTree = "<group>"; };
		184FF5051CA79C640075049D /* LoginViewController.m */ = {isa = PBXFileReference; fileEncoding = 4; lastKnownFileType = sourcecode.c.objc; name = LoginViewController.m; path = LoginView/Controller/LoginViewController.m; sourceTree = "<group>"; };
		184FF5071CA7A3E40075049D /* Images.xcassets */ = {isa = PBXFileReference; lastKnownFileType = folder.assetcatalog; path = Images.xcassets; sourceTree = "<group>"; };
		184FF5101CA7A6CE0075049D /* BaseViewController.h */ = {isa = PBXFileReference; fileEncoding = 4; lastKnownFileType = sourcecode.c.h; name = BaseViewController.h; path = BaseView/Controller/BaseViewController.h; sourceTree = "<group>"; };
		184FF5111CA7A6CE0075049D /* BaseViewController.m */ = {isa = PBXFileReference; fileEncoding = 4; lastKnownFileType = sourcecode.c.objc; name = BaseViewController.m; path = BaseView/Controller/BaseViewController.m; sourceTree = "<group>"; };
		184FF5281CA7F9160075049D /* TheLoginView.h */ = {isa = PBXFileReference; fileEncoding = 4; lastKnownFileType = sourcecode.c.h; name = TheLoginView.h; path = LoginView/View/TheLoginView.h; sourceTree = "<group>"; };
		184FF5291CA7F9160075049D /* TheLoginView.m */ = {isa = PBXFileReference; fileEncoding = 4; lastKnownFileType = sourcecode.c.objc; name = TheLoginView.m; path = LoginView/View/TheLoginView.m; sourceTree = "<group>"; };
		184FF5341CA80E590075049D /* StartViewController.h */ = {isa = PBXFileReference; fileEncoding = 4; lastKnownFileType = sourcecode.c.h; name = StartViewController.h; path = StartView/Controller/StartViewController.h; sourceTree = "<group>"; };
		184FF5351CA80E590075049D /* StartViewController.m */ = {isa = PBXFileReference; fileEncoding = 4; lastKnownFileType = sourcecode.c.objc; name = StartViewController.m; path = StartView/Controller/StartViewController.m; sourceTree = "<group>"; };
		184FF53A1CA80EAA0075049D /* TheStartView.h */ = {isa = PBXFileReference; fileEncoding = 4; lastKnownFileType = sourcecode.c.h; name = TheStartView.h; path = StartView/View/TheStartView.h; sourceTree = "<group>"; };
		184FF53B1CA80EAA0075049D /* TheStartView.m */ = {isa = PBXFileReference; fileEncoding = 4; lastKnownFileType = sourcecode.c.objc; name = TheStartView.m; path = StartView/View/TheStartView.m; sourceTree = "<group>"; };
		184FF5401CA811870075049D /* loginView-568h@2x.png */ = {isa = PBXFileReference; lastKnownFileType = image.png; name = "loginView-568h@2x.png"; path = "Resource/LoginView/bg/loginView-568h@2x.png"; sourceTree = "<group>"; };
		184FF5411CA811870075049D /* loginView@2x.png */ = {isa = PBXFileReference; lastKnownFileType = image.png; name = "loginView@2x.png"; path = "Resource/LoginView/bg/loginView@2x.png"; sourceTree = "<group>"; };
		184FF54E1CA813020075049D /* en */ = {isa = PBXFileReference; lastKnownFileType = text.plist.strings; name = en; path = en.lproj/Localizable.strings; sourceTree = "<group>"; };
		184FF54F1CA813FE0075049D /* zh-Hans */ = {isa = PBXFileReference; lastKnownFileType = text.plist.strings; name = "zh-Hans"; path = "zh-Hans.lproj/Localizable.strings"; sourceTree = "<group>"; };
		184FF5501CA815C60075049D /* TheStartView.xib */ = {isa = PBXFileReference; fileEncoding = 4; lastKnownFileType = file.xib; name = TheStartView.xib; path = StartView/View/TheStartView.xib; sourceTree = "<group>"; };
		184FF55B1CA81CB20075049D /* RegisterViewController.h */ = {isa = PBXFileReference; fileEncoding = 4; lastKnownFileType = sourcecode.c.h; name = RegisterViewController.h; path = RegisterView/Controller/RegisterViewController.h; sourceTree = "<group>"; };
		184FF55C1CA81CB20075049D /* RegisterViewController.m */ = {isa = PBXFileReference; fileEncoding = 4; lastKnownFileType = sourcecode.c.objc; name = RegisterViewController.m; path = RegisterView/Controller/RegisterViewController.m; sourceTree = "<group>"; };
		184FF5661CA81D2F0075049D /* TheLoginView.xib */ = {isa = PBXFileReference; fileEncoding = 4; lastKnownFileType = file.xib; name = TheLoginView.xib; path = LoginView/View/TheLoginView.xib; sourceTree = "<group>"; };
		184FF5681CA81D540075049D /* TheRegisterView.h */ = {isa = PBXFileReference; fileEncoding = 4; lastKnownFileType = sourcecode.c.h; name = TheRegisterView.h; path = RegisterView/View/TheRegisterView.h; sourceTree = "<group>"; };
		184FF5691CA81D540075049D /* TheRegisterView.m */ = {isa = PBXFileReference; fileEncoding = 4; lastKnownFileType = sourcecode.c.objc; name = TheRegisterView.m; path = RegisterView/View/TheRegisterView.m; sourceTree = "<group>"; };
		184FF56A1CA81D540075049D /* TheRegisterView.xib */ = {isa = PBXFileReference; fileEncoding = 4; lastKnownFileType = file.xib; name = TheRegisterView.xib; path = RegisterView/View/TheRegisterView.xib; sourceTree = "<group>"; };
		184FF56D1CA81DBA0075049D /* Tools.h */ = {isa = PBXFileReference; fileEncoding = 4; lastKnownFileType = sourcecode.c.h; name = Tools.h; path = Utilities/Tools.h; sourceTree = "<group>"; };
		184FF56E1CA81DBA0075049D /* Tools.m */ = {isa = PBXFileReference; fileEncoding = 4; lastKnownFileType = sourcecode.c.objc; name = Tools.m; path = Utilities/Tools.m; sourceTree = "<group>"; };
		184FF5731CA824C40075049D /* MainViewController.h */ = {isa = PBXFileReference; fileEncoding = 4; lastKnownFileType = sourcecode.c.h; name = MainViewController.h; path = MainView/Controller/MainViewController.h; sourceTree = "<group>"; };
		184FF5741CA824C40075049D /* MainViewController.m */ = {isa = PBXFileReference; fileEncoding = 4; lastKnownFileType = sourcecode.c.objc; name = MainViewController.m; path = MainView/Controller/MainViewController.m; sourceTree = "<group>"; };
		184FF5791CA8292C0075049D /* contact.png */ = {isa = PBXFileReference; lastKnownFileType = image.png; name = contact.png; path = Resource/MainView/btn/contact.png; sourceTree = "<group>"; };
		184FF57A1CA8292C0075049D /* contact@2x.png */ = {isa = PBXFileReference; lastKnownFileType = image.png; name = "contact@2x.png"; path = "Resource/MainView/btn/contact@2x.png"; sourceTree = "<group>"; };
		184FF57B1CA8292C0075049D /* contact@3x.png */ = {isa = PBXFileReference; lastKnownFileType = image.png; name = "contact@3x.png"; path = "Resource/MainView/btn/contact@3x.png"; sourceTree = "<group>"; };
		184FF57C1CA8292C0075049D /* me.png */ = {isa = PBXFileReference; lastKnownFileType = image.png; name = me.png; path = Resource/MainView/btn/me.png; sourceTree = "<group>"; };
		184FF57D1CA8292C0075049D /* me@2x.png */ = {isa = PBXFileReference; lastKnownFileType = image.png; name = "me@2x.png"; path = "Resource/MainView/btn/me@2x.png"; sourceTree = "<group>"; };
		184FF57E1CA8292C0075049D /* me@3x.png */ = {isa = PBXFileReference; lastKnownFileType = image.png; name = "me@3x.png"; path = "Resource/MainView/btn/me@3x.png"; sourceTree = "<group>"; };
		184FF57F1CA8292C0075049D /* message.png */ = {isa = PBXFileReference; lastKnownFileType = image.png; name = message.png; path = Resource/MainView/btn/message.png; sourceTree = "<group>"; };
		184FF5801CA8292C0075049D /* message@2x.png */ = {isa = PBXFileReference; lastKnownFileType = image.png; name = "message@2x.png"; path = "Resource/MainView/btn/message@2x.png"; sourceTree = "<group>"; };
		184FF5811CA8292C0075049D /* message@3x.png */ = {isa = PBXFileReference; lastKnownFileType = image.png; name = "message@3x.png"; path = "Resource/MainView/btn/message@3x.png"; sourceTree = "<group>"; };
		184FF5821CA8292C0075049D /* todo.png */ = {isa = PBXFileReference; lastKnownFileType = image.png; name = todo.png; path = Resource/MainView/btn/todo.png; sourceTree = "<group>"; };
		184FF5831CA8292C0075049D /* todo@2x.png */ = {isa = PBXFileReference; lastKnownFileType = image.png; name = "todo@2x.png"; path = "Resource/MainView/btn/todo@2x.png"; sourceTree = "<group>"; };
		184FF5841CA8292C0075049D /* todo@3x.png */ = {isa = PBXFileReference; lastKnownFileType = image.png; name = "todo@3x.png"; path = "Resource/MainView/btn/todo@3x.png"; sourceTree = "<group>"; };
		184FF5A51CA82A6D0075049D /* MeViewController.h */ = {isa = PBXFileReference; fileEncoding = 4; lastKnownFileType = sourcecode.c.h; name = MeViewController.h; path = MeView/Controller/MeViewController.h; sourceTree = "<group>"; };
		184FF5A61CA82A6D0075049D /* MeViewController.m */ = {isa = PBXFileReference; fileEncoding = 4; lastKnownFileType = sourcecode.c.objc; name = MeViewController.m; path = MeView/Controller/MeViewController.m; sourceTree = "<group>"; };
		184FF5A81CA82A780075049D /* TodoViewController.h */ = {isa = PBXFileReference; fileEncoding = 4; lastKnownFileType = sourcecode.c.h; name = TodoViewController.h; path = TodoView/Controller/TodoViewController.h; sourceTree = "<group>"; };
		184FF5A91CA82A780075049D /* TodoViewController.m */ = {isa = PBXFileReference; fileEncoding = 4; lastKnownFileType = sourcecode.c.objc; name = TodoViewController.m; path = TodoView/Controller/TodoViewController.m; sourceTree = "<group>"; };
		184FF5AB1CA82A930075049D /* ContactViewController.h */ = {isa = PBXFileReference; fileEncoding = 4; lastKnownFileType = sourcecode.c.h; name = ContactViewController.h; path = ContactView/Controller/ContactViewController.h; sourceTree = "<group>"; };
		184FF5AC1CA82A930075049D /* ContactViewController.m */ = {isa = PBXFileReference; fileEncoding = 4; lastKnownFileType = sourcecode.c.objc; name = ContactViewController.m; path = ContactView/Controller/ContactViewController.m; sourceTree = "<group>"; };
		184FF5AE1CA82A9D0075049D /* MessageViewController.h */ = {isa = PBXFileReference; fileEncoding = 4; lastKnownFileType = sourcecode.c.h; name = MessageViewController.h; path = MessageView/Controller/MessageViewController.h; sourceTree = "<group>"; };
		184FF5AF1CA82A9D0075049D /* MessageViewController.m */ = {isa = PBXFileReference; fileEncoding = 4; lastKnownFileType = sourcecode.c.objc; name = MessageViewController.m; path = MessageView/Controller/MessageViewController.m; sourceTree = "<group>"; };
		184FF5B31CA82F720075049D /* btn_set_normal@2x.png */ = {isa = PBXFileReference; lastKnownFileType = image.png; name = "btn_set_normal@2x.png"; path = "Resource/MeView/btn/btn_set_normal@2x.png"; sourceTree = "<group>"; };
		188D6BFA1CA9771600DA4438 /* MJFooterView.h */ = {isa = PBXFileReference; fileEncoding = 4; lastKnownFileType = sourcecode.c.h; name = MJFooterView.h; path = MessageView/View/MJFooterView.h; sourceTree = "<group>"; };
		188D6BFB1CA9771600DA4438 /* MJFooterView.m */ = {isa = PBXFileReference; fileEncoding = 4; lastKnownFileType = sourcecode.c.objc; name = MJFooterView.m; path = MessageView/View/MJFooterView.m; sourceTree = "<group>"; };
		188D6BFD1CA9772D00DA4438 /* dropdown_anim__0001@2x.png */ = {isa = PBXFileReference; lastKnownFileType = image.png; name = "dropdown_anim__0001@2x.png"; path = "Resource/Refresh/dropdown_anim__0001@2x.png"; sourceTree = "<group>"; };
		188D6BFE1CA9772D00DA4438 /* dropdown_loading_01@2x.png */ = {isa = PBXFileReference; lastKnownFileType = image.png; name = "dropdown_loading_01@2x.png"; path = "Resource/Refresh/dropdown_loading_01@2x.png"; sourceTree = "<group>"; };
		188D6BFF1CA9772D00DA4438 /* dropdown_loading_02@2x.png */ = {isa = PBXFileReference; lastKnownFileType = image.png; name = "dropdown_loading_02@2x.png"; path = "Resource/Refresh/dropdown_loading_02@2x.png"; sourceTree = "<group>"; };
		188D6C001CA9772D00DA4438 /* dropdown_loading_03@2x.png */ = {isa = PBXFileReference; lastKnownFileType = image.png; name = "dropdown_loading_03@2x.png"; path = "Resource/Refresh/dropdown_loading_03@2x.png"; sourceTree = "<group>"; };
		18A34D841CA8B86C009A33FD /* MeViewCell.h */ = {isa = PBXFileReference; fileEncoding = 4; lastKnownFileType = sourcecode.c.h; name = MeViewCell.h; path = MeView/View/MeViewCell.h; sourceTree = "<group>"; };
		18A34D851CA8B86C009A33FD /* MeViewCell.m */ = {isa = PBXFileReference; fileEncoding = 4; lastKnownFileType = sourcecode.c.objc; name = MeViewCell.m; path = MeView/View/MeViewCell.m; sourceTree = "<group>"; };
		18A34D861CA8B86C009A33FD /* MeViewCell.xib */ = {isa = PBXFileReference; fileEncoding = 4; lastKnownFileType = file.xib; name = MeViewCell.xib; path = MeView/View/MeViewCell.xib; sourceTree = "<group>"; };
		18A34D8A1CA8C3D0009A33FD /* orn_man02@2x.png */ = {isa = PBXFileReference; lastKnownFileType = image.png; name = "orn_man02@2x.png"; path = "Resource/MeView/icon/orn_man02@2x.png"; sourceTree = "<group>"; };
		18A34D8C1CA8D1B2009A33FD /* account@2x.png */ = {isa = PBXFileReference; lastKnownFileType = image.png; name = "account@2x.png"; path = "Resource/MeView/icon/account@2x.png"; sourceTree = "<group>"; };
		18A34D8D1CA8D1B2009A33FD /* feedback@2x.png */ = {isa = PBXFileReference; lastKnownFileType = image.png; name = "feedback@2x.png"; path = "Resource/MeView/icon/feedback@2x.png"; sourceTree = "<group>"; };
		18A34D8E1CA8D1B2009A33FD /* notification@2x.png */ = {isa = PBXFileReference; lastKnownFileType = image.png; name = "notification@2x.png"; path = "Resource/MeView/icon/notification@2x.png"; sourceTree = "<group>"; };
		18A34D8F1CA8D1B2009A33FD /* private@2x.png */ = {isa = PBXFileReference; lastKnownFileType = image.png; name = "private@2x.png"; path = "Resource/MeView/icon/private@2x.png"; sourceTree = "<group>"; };
		18A34D9C1CA8DE47009A33FD /* MeViewOtherCell.h */ = {isa = PBXFileReference; fileEncoding = 4; lastKnownFileType = sourcecode.c.h; name = MeViewOtherCell.h; path = MeView/View/MeViewOtherCell.h; sourceTree = "<group>"; };
		18A34D9D1CA8DE47009A33FD /* MeViewOtherCell.m */ = {isa = PBXFileReference; fileEncoding = 4; lastKnownFileType = sourcecode.c.objc; name = MeViewOtherCell.m; path = MeView/View/MeViewOtherCell.m; sourceTree = "<group>"; };
		18A34D9E1CA8DE47009A33FD /* MeViewOtherCell.xib */ = {isa = PBXFileReference; fileEncoding = 4; lastKnownFileType = file.xib; name = MeViewOtherCell.xib; path = MeView/View/MeViewOtherCell.xib; sourceTree = "<group>"; };
		18A34DA11CA8DE67009A33FD /* FeedbackViewController.h */ = {isa = PBXFileReference; fileEncoding = 4; lastKnownFileType = sourcecode.c.h; name = FeedbackViewController.h; path = MeView/Controller/FeedbackViewController.h; sourceTree = "<group>"; };
		18A34DA21CA8DE67009A33FD /* FeedbackViewController.m */ = {isa = PBXFileReference; fileEncoding = 4; lastKnownFileType = sourcecode.c.objc; name = FeedbackViewController.m; path = MeView/Controller/FeedbackViewController.m; sourceTree = "<group>"; };
		18A34DAB1CA90977009A33FD /* TodoTableViewCell.h */ = {isa = PBXFileReference; fileEncoding = 4; lastKnownFileType = sourcecode.c.h; name = TodoTableViewCell.h; path = TodoView/View/TodoTableViewCell.h; sourceTree = "<group>"; };
		18A34DAC1CA90977009A33FD /* TodoTableViewCell.m */ = {isa = PBXFileReference; fileEncoding = 4; lastKnownFileType = sourcecode.c.objc; name = TodoTableViewCell.m; path = TodoView/View/TodoTableViewCell.m; sourceTree = "<group>"; };
		18A34DAD1CA90977009A33FD /* TodoTableViewCell.xib */ = {isa = PBXFileReference; fileEncoding = 4; lastKnownFileType = file.xib; name = TodoTableViewCell.xib; path = TodoView/View/TodoTableViewCell.xib; sourceTree = "<group>"; };
		18A34DB91CA90E79009A33FD /* AppConfig.h */ = {isa = PBXFileReference; fileEncoding = 4; lastKnownFileType = sourcecode.c.h; name = AppConfig.h; path = Includes/AppConfig.h; sourceTree = "<group>"; };
		18A34DCD1CA91189009A33FD /* LaunchImage-1-568h@2x.png */ = {isa = PBXFileReference; lastKnownFileType = image.png; name = "LaunchImage-1-568h@2x.png"; path = "Resource/GuideView/bg/LaunchImage-1-568h@2x.png"; sourceTree = "<group>"; };
		18A34DCE1CA91189009A33FD /* LaunchImage-2-568h@2x.png */ = {isa = PBXFileReference; lastKnownFileType = image.png; name = "LaunchImage-2-568h@2x.png"; path = "Resource/GuideView/bg/LaunchImage-2-568h@2x.png"; sourceTree = "<group>"; };
		18A34DCF1CA91189009A33FD /* LaunchImage-3-568h@2x.png */ = {isa = PBXFileReference; lastKnownFileType = image.png; name = "LaunchImage-3-568h@2x.png"; path = "Resource/GuideView/bg/LaunchImage-3-568h@2x.png"; sourceTree = "<group>"; };
		18A34DD01CA91189009A33FD /* LaunchImage-4-568h@2x.png */ = {isa = PBXFileReference; lastKnownFileType = image.png; name = "LaunchImage-4-568h@2x.png"; path = "Resource/GuideView/bg/LaunchImage-4-568h@2x.png"; sourceTree = "<group>"; };
		18A34DD91CA9135D009A33FD /* GuideView.h */ = {isa = PBXFileReference; fileEncoding = 4; lastKnownFileType = sourcecode.c.h; name = GuideView.h; path = GuideView/View/GuideView.h; sourceTree = "<group>"; };
		18A34DDA1CA9135D009A33FD /* GuideView.m */ = {isa = PBXFileReference; fileEncoding = 4; lastKnownFileType = sourcecode.c.objc; name = GuideView.m; path = GuideView/View/GuideView.m; sourceTree = "<group>"; };
		18A34DDD1CA91E15009A33FD /* dot@2x.png */ = {isa = PBXFileReference; lastKnownFileType = image.png; name = "dot@2x.png"; path = "Resource/GuideView/icon/dot@2x.png"; sourceTree = "<group>"; };
		18A34DE01CA92348009A33FD /* btn_return_normal@2x.png */ = {isa = PBXFileReference; lastKnownFileType = image.png; name = "btn_return_normal@2x.png"; path = "Resource/GuideView/btn/btn_return_normal@2x.png"; sourceTree = "<group>"; };
		18A34DE51CA92B15009A33FD /* MyInfoViewController.h */ = {isa = PBXFileReference; fileEncoding = 4; lastKnownFileType = sourcecode.c.h; name = MyInfoViewController.h; path = MeView/Controller/MyInfoViewController.h; sourceTree = "<group>"; };
		18A34DE61CA92B15009A33FD /* MyInfoViewController.m */ = {isa = PBXFileReference; fileEncoding = 4; lastKnownFileType = sourcecode.c.objc; name = MyInfoViewController.m; path = MeView/Controller/MyInfoViewController.m; sourceTree = "<group>"; };
		18A34DED1CA9302A009A33FD /* MyDetailInfoView.h */ = {isa = PBXFileReference; fileEncoding = 4; lastKnownFileType = sourcecode.c.h; name = MyDetailInfoView.h; path = MeView/View/MyDetailInfoView.h; sourceTree = "<group>"; };
		18A34DEE1CA9302A009A33FD /* MyDetailInfoView.m */ = {isa = PBXFileReference; fileEncoding = 4; lastKnownFileType = sourcecode.c.objc; name = MyDetailInfoView.m; path = MeView/View/MyDetailInfoView.m; sourceTree = "<group>"; };
		18A34DF91CA936DF009A33FD /* MyOtherInfoViewCell.h */ = {isa = PBXFileReference; fileEncoding = 4; lastKnownFileType = sourcecode.c.h; name = MyOtherInfoViewCell.h; path = MeView/View/MyOtherInfoViewCell.h; sourceTree = "<group>"; };
		18A34DFA1CA936DF009A33FD /* MyOtherInfoViewCell.m */ = {isa = PBXFileReference; fileEncoding = 4; lastKnownFileType = sourcecode.c.objc; name = MyOtherInfoViewCell.m; path = MeView/View/MyOtherInfoViewCell.m; sourceTree = "<group>"; };
		18A34DFB1CA936DF009A33FD /* MyOtherInfoViewCell.xib */ = {isa = PBXFileReference; fileEncoding = 4; lastKnownFileType = file.xib; name = MyOtherInfoViewCell.xib; path = MeView/View/MyOtherInfoViewCell.xib; sourceTree = "<group>"; };
		18A34DFE1CA936FC009A33FD /* MyDetailInfoView.xib */ = {isa = PBXFileReference; fileEncoding = 4; lastKnownFileType = file.xib; name = MyDetailInfoView.xib; path = MeView/View/MyDetailInfoView.xib; sourceTree = "<group>"; };
		26353202A0E079B7BAD9065E /* Pods.release.xcconfig */ = {isa = PBXFileReference; includeInIndex = 1; lastKnownFileType = text.xcconfig; name = Pods.release.xcconfig; path = "Pods/Target Support Files/Pods/Pods.release.xcconfig"; sourceTree = "<group>"; };
		47F7C7FC1CB5F1F9004D8031 /* MobileCoreServices.framework */ = {isa = PBXFileReference; lastKnownFileType = wrapper.framework; name = MobileCoreServices.framework; path = System/Library/Frameworks/MobileCoreServices.framework; sourceTree = SDKROOT; };
		47F7C7FE1CB5F203004D8031 /* CFNetwork.framework */ = {isa = PBXFileReference; lastKnownFileType = wrapper.framework; name = CFNetwork.framework; path = System/Library/Frameworks/CFNetwork.framework; sourceTree = SDKROOT; };
		47F7C8001CB5F23A004D8031 /* libsqlite3.tbd */ = {isa = PBXFileReference; lastKnownFileType = "sourcecode.text-based-dylib-definition"; name = libsqlite3.tbd; path = usr/lib/libsqlite3.tbd; sourceTree = SDKROOT; };
		47F7C8021CB5F244004D8031 /* libstdc++.6.0.9.tbd */ = {isa = PBXFileReference; lastKnownFileType = "sourcecode.text-based-dylib-definition"; name = "libstdc++.6.0.9.tbd"; path = "usr/lib/libstdc++.6.0.9.tbd"; sourceTree = SDKROOT; };
		47F7C8041CB5F257004D8031 /* libiconv.tbd */ = {isa = PBXFileReference; lastKnownFileType = "sourcecode.text-based-dylib-definition"; name = libiconv.tbd; path = usr/lib/libiconv.tbd; sourceTree = SDKROOT; };
		47F7C8061CB5F269004D8031 /* libresolv.tbd */ = {isa = PBXFileReference; lastKnownFileType = "sourcecode.text-based-dylib-definition"; name = libresolv.tbd; path = usr/lib/libresolv.tbd; sourceTree = SDKROOT; };
		47F7C8081CB5F274004D8031 /* libxml2.tbd */ = {isa = PBXFileReference; lastKnownFileType = "sourcecode.text-based-dylib-definition"; name = libxml2.tbd; path = usr/lib/libxml2.tbd; sourceTree = SDKROOT; };
		E7795F7571B4ACE2D8631181 /* libPods.a */ = {isa = PBXFileReference; explicitFileType = archive.ar; includeInIndex = 0; path = libPods.a; sourceTree = BUILT_PRODUCTS_DIR; };
/* End PBXFileReference section */

/* Begin PBXFrameworksBuildPhase section */
		184FF4E01CA78EC30075049D /* Frameworks */ = {
			isa = PBXFrameworksBuildPhase;
			buildActionMask = 2147483647;
			files = (
				47F7C8091CB5F274004D8031 /* libxml2.tbd in Frameworks */,
				47F7C8071CB5F269004D8031 /* libresolv.tbd in Frameworks */,
				47F7C8051CB5F257004D8031 /* libiconv.tbd in Frameworks */,
				47F7C8031CB5F244004D8031 /* libstdc++.6.0.9.tbd in Frameworks */,
				18432FE11CD78F2F00E5D225 /* TuSDKGeeV1.framework in Frameworks */,
				47F7C8011CB5F23A004D8031 /* libsqlite3.tbd in Frameworks */,
				47F7C7FF1CB5F203004D8031 /* CFNetwork.framework in Frameworks */,
				18432FDE1CD78F2F00E5D225 /* GPUImage.framework in Frameworks */,
				47F7C7FD1CB5F1F9004D8031 /* MobileCoreServices.framework in Frameworks */,
				18374BDA1CAA9A5C004C379E /* libz.tbd in Frameworks */,
				18374BD71CAA9A13004C379E /* libBPush.a in Frameworks */,
				18432FE01CD78F2F00E5D225 /* TuSDK.framework in Frameworks */,
				FBE72162D56EA7381DC4D8FD /* libPods.a in Frameworks */,
			);
			runOnlyForDeploymentPostprocessing = 0;
		};
/* End PBXFrameworksBuildPhase section */

/* Begin PBXGroup section */
		177A0A8CB107652C5006C363 /* Pods */ = {
			isa = PBXGroup;
			children = (
				10C9B4D2D7A49C768B7E7EC7 /* Pods.debug.xcconfig */,
				26353202A0E079B7BAD9065E /* Pods.release.xcconfig */,
			);
			name = Pods;
			sourceTree = "<group>";
		};
		18432FD91CD78F1D00E5D225 /* libTuSDK */ = {
			isa = PBXGroup;
			children = (
				18432FDA1CD78F2F00E5D225 /* GPUImage.framework */,
				18432FDB1CD78F2F00E5D225 /* TuSDK.bundle */,
				18432FDC1CD78F2F00E5D225 /* TuSDK.framework */,
				18432FDD1CD78F2F00E5D225 /* TuSDKGeeV1.framework */,
			);
			name = libTuSDK;
			sourceTree = "<group>";
		};
		184FF4DA1CA78EC30075049D = {
			isa = PBXGroup;
			children = (
				184FF4E51CA78EC30075049D /* Proj318 */,
				184FF4E41CA78EC30075049D /* Products */,
				FE2E250C36AE50485B15CD25 /* Frameworks */,
				177A0A8CB107652C5006C363 /* Pods */,
			);
			sourceTree = "<group>";
		};
		184FF4E41CA78EC30075049D /* Products */ = {
			isa = PBXGroup;
			children = (
				184FF4E31CA78EC30075049D /* Proj318.app */,
			);
			name = Products;
			sourceTree = "<group>";
		};
		184FF4E51CA78EC30075049D /* Proj318 */ = {
			isa = PBXGroup;
			children = (
				18A34DB71CA90E36009A33FD /* Includes */,
				18A34DB01CA90D88009A33FD /* GuideView */,
				184FF5941CA829D70075049D /* MeView */,
				184FF5931CA829CF0075049D /* TodoView */,
				184FF5921CA829C80075049D /* ContactView */,
				184FF5911CA829C00075049D /* MessageView */,
				184FF5541CA81C740075049D /* RegisterView */,
				184FF4FD1CA79BF50075049D /* LoginView */,
				184FF52D1CA80CF00075049D /* StartView */,
				184FF5131CA7A7530075049D /* MainView */,
				184FF5091CA7A6850075049D /* BaseView */,
				184FF5451CA811A80075049D /* Utilities */,
				18A34DBD1CA90F72009A33FD /* Vendor */,
				184FF51F1CA7F7920075049D /* Resource */,
				184FF4E91CA78EC30075049D /* AppDelegate.h */,
				184FF4EA1CA78EC30075049D /* AppDelegate.m */,
				184FF4F21CA78EC30075049D /* Assets.xcassets */,
				184FF4F71CA78EC30075049D /* Info.plist */,
				184FF5071CA7A3E40075049D /* Images.xcassets */,
				184FF4E61CA78EC30075049D /* Supporting Files */,
			);
			path = Proj318;
			sourceTree = "<group>";
		};
		184FF4E61CA78EC30075049D /* Supporting Files */ = {
			isa = PBXGroup;
			children = (
				184FF4E71CA78EC30075049D /* main.m */,
				184FF54D1CA812E80075049D /* Localizable.strings */,
			);
			name = "Supporting Files";
			sourceTree = "<group>";
		};
		184FF4FD1CA79BF50075049D /* LoginView */ = {
			isa = PBXGroup;
			children = (
				184FF5001CA79C0B0075049D /* Model */,
				184FF4FF1CA79C020075049D /* View */,
				184FF4FE1CA79BFC0075049D /* Controller */,
			);
			name = LoginView;
			sourceTree = "<group>";
		};
		184FF4FE1CA79BFC0075049D /* Controller */ = {
			isa = PBXGroup;
			children = (
				18374BDE1CAA9AF7004C379E /* ForgotViewController.h */,
				18374BDF1CAA9AF7004C379E /* ForgotViewController.m */,
				184FF5041CA79C640075049D /* LoginViewController.h */,
				184FF5051CA79C640075049D /* LoginViewController.m */,
			);
			name = Controller;
			sourceTree = "<group>";
		};
		184FF4FF1CA79C020075049D /* View */ = {
			isa = PBXGroup;
			children = (
				18374BE61CAA9B66004C379E /* TheForgotView.h */,
				18374BE71CAA9B66004C379E /* TheForgotView.m */,
				18374BE81CAA9B66004C379E /* TheForgotView.xib */,
				184FF5661CA81D2F0075049D /* TheLoginView.xib */,
				184FF5281CA7F9160075049D /* TheLoginView.h */,
				184FF5291CA7F9160075049D /* TheLoginView.m */,
			);
			name = View;
			sourceTree = "<group>";
		};
		184FF5001CA79C0B0075049D /* Model */ = {
			isa = PBXGroup;
			children = (
			);
			name = Model;
			sourceTree = "<group>";
		};
		184FF5091CA7A6850075049D /* BaseView */ = {
			isa = PBXGroup;
			children = (
				184FF50C1CA7A69A0075049D /* Model */,
				184FF50B1CA7A6930075049D /* View */,
				184FF50A1CA7A68C0075049D /* Controller */,
			);
			name = BaseView;
			sourceTree = "<group>";
		};
		184FF50A1CA7A68C0075049D /* Controller */ = {
			isa = PBXGroup;
			children = (
				184FF5101CA7A6CE0075049D /* BaseViewController.h */,
				184FF5111CA7A6CE0075049D /* BaseViewController.m */,
			);
			name = Controller;
			sourceTree = "<group>";
		};
		184FF50B1CA7A6930075049D /* View */ = {
			isa = PBXGroup;
			children = (
			);
			name = View;
			sourceTree = "<group>";
		};
		184FF50C1CA7A69A0075049D /* Model */ = {
			isa = PBXGroup;
			children = (
			);
			name = Model;
			sourceTree = "<group>";
		};
		184FF5131CA7A7530075049D /* MainView */ = {
			isa = PBXGroup;
			children = (
				184FF5161CA7A7690075049D /* Model */,
				184FF5151CA7A7620075049D /* View */,
				184FF5141CA7A75A0075049D /* Controller */,
			);
			name = MainView;
			sourceTree = "<group>";
		};
		184FF5141CA7A75A0075049D /* Controller */ = {
			isa = PBXGroup;
			children = (
				184FF5731CA824C40075049D /* MainViewController.h */,
				184FF5741CA824C40075049D /* MainViewController.m */,
			);
			name = Controller;
			sourceTree = "<group>";
		};
		184FF5151CA7A7620075049D /* View */ = {
			isa = PBXGroup;
			children = (
			);
			name = View;
			sourceTree = "<group>";
		};
		184FF5161CA7A7690075049D /* Model */ = {
			isa = PBXGroup;
			children = (
			);
			name = Model;
			sourceTree = "<group>";
		};
		184FF51F1CA7F7920075049D /* Resource */ = {
			isa = PBXGroup;
			children = (
				188D6BF81CA976AD00DA4438 /* Refresh */,
				18A34DC41CA91148009A33FD /* GuideView */,
				184FF5B11CA82F540075049D /* MeView */,
				184FF5771CA8290F0075049D /* MainView */,
				184FF5201CA7F7A00075049D /* LoginView */,
			);
			name = Resource;
			sourceTree = "<group>";
		};
		184FF5201CA7F7A00075049D /* LoginView */ = {
			isa = PBXGroup;
			children = (
				184FF5441CA8118D0075049D /* btn */,
				184FF53F1CA8117A0075049D /* bg */,
			);
			name = LoginView;
			sourceTree = "<group>";
		};
		184FF52D1CA80CF00075049D /* StartView */ = {
			isa = PBXGroup;
			children = (
				184FF5301CA80D070075049D /* Model */,
				184FF52F1CA80D010075049D /* View */,
				184FF52E1CA80CF70075049D /* Controller */,
			);
			name = StartView;
			sourceTree = "<group>";
		};
		184FF52E1CA80CF70075049D /* Controller */ = {
			isa = PBXGroup;
			children = (
				184FF5341CA80E590075049D /* StartViewController.h */,
				184FF5351CA80E590075049D /* StartViewController.m */,
			);
			name = Controller;
			sourceTree = "<group>";
		};
		184FF52F1CA80D010075049D /* View */ = {
			isa = PBXGroup;
			children = (
				184FF5501CA815C60075049D /* TheStartView.xib */,
				184FF53A1CA80EAA0075049D /* TheStartView.h */,
				184FF53B1CA80EAA0075049D /* TheStartView.m */,
			);
			name = View;
			sourceTree = "<group>";
		};
		184FF5301CA80D070075049D /* Model */ = {
			isa = PBXGroup;
			children = (
			);
			name = Model;
			sourceTree = "<group>";
		};
		184FF53F1CA8117A0075049D /* bg */ = {
			isa = PBXGroup;
			children = (
				184FF5401CA811870075049D /* loginView-568h@2x.png */,
				184FF5411CA811870075049D /* loginView@2x.png */,
			);
			name = bg;
			sourceTree = "<group>";
		};
		184FF5441CA8118D0075049D /* btn */ = {
			isa = PBXGroup;
			children = (
			);
			name = btn;
			sourceTree = "<group>";
		};
		184FF5451CA811A80075049D /* Utilities */ = {
			isa = PBXGroup;
			children = (
				184FF56D1CA81DBA0075049D /* Tools.h */,
				184FF56E1CA81DBA0075049D /* Tools.m */,
			);
			name = Utilities;
			sourceTree = "<group>";
		};
		184FF5541CA81C740075049D /* RegisterView */ = {
			isa = PBXGroup;
			children = (
				184FF5571CA81C8A0075049D /* Model */,
				184FF5561CA81C850075049D /* View */,
				184FF5551CA81C7C0075049D /* Controller */,
			);
			name = RegisterView;
			sourceTree = "<group>";
		};
		184FF5551CA81C7C0075049D /* Controller */ = {
			isa = PBXGroup;
			children = (
				184FF55B1CA81CB20075049D /* RegisterViewController.h */,
				184FF55C1CA81CB20075049D /* RegisterViewController.m */,
			);
			name = Controller;
			sourceTree = "<group>";
		};
		184FF5561CA81C850075049D /* View */ = {
			isa = PBXGroup;
			children = (
				184FF5681CA81D540075049D /* TheRegisterView.h */,
				184FF5691CA81D540075049D /* TheRegisterView.m */,
				184FF56A1CA81D540075049D /* TheRegisterView.xib */,
			);
			name = View;
			sourceTree = "<group>";
		};
		184FF5571CA81C8A0075049D /* Model */ = {
			isa = PBXGroup;
			children = (
			);
			name = Model;
			sourceTree = "<group>";
		};
		184FF5771CA8290F0075049D /* MainView */ = {
			isa = PBXGroup;
			children = (
				184FF5781CA829180075049D /* btn */,
			);
			name = MainView;
			sourceTree = "<group>";
		};
		184FF5781CA829180075049D /* btn */ = {
			isa = PBXGroup;
			children = (
				184FF5791CA8292C0075049D /* contact.png */,
				184FF57A1CA8292C0075049D /* contact@2x.png */,
				184FF57B1CA8292C0075049D /* contact@3x.png */,
				184FF57C1CA8292C0075049D /* me.png */,
				184FF57D1CA8292C0075049D /* me@2x.png */,
				184FF57E1CA8292C0075049D /* me@3x.png */,
				184FF57F1CA8292C0075049D /* message.png */,
				184FF5801CA8292C0075049D /* message@2x.png */,
				184FF5811CA8292C0075049D /* message@3x.png */,
				184FF5821CA8292C0075049D /* todo.png */,
				184FF5831CA8292C0075049D /* todo@2x.png */,
				184FF5841CA8292C0075049D /* todo@3x.png */,
			);
			name = btn;
			sourceTree = "<group>";
		};
		184FF5911CA829C00075049D /* MessageView */ = {
			isa = PBXGroup;
			children = (
				188D6BF91CA9770300DA4438 /* View */,
				184FF5981CA829F30075049D /* Controller */,
			);
			name = MessageView;
			sourceTree = "<group>";
		};
		184FF5921CA829C80075049D /* ContactView */ = {
			isa = PBXGroup;
			children = (
				184FF5971CA829ED0075049D /* Controller */,
			);
			name = ContactView;
			sourceTree = "<group>";
		};
		184FF5931CA829CF0075049D /* TodoView */ = {
			isa = PBXGroup;
			children = (
				18A34DA51CA9082E009A33FD /* Model */,
				18A34DA41CA90827009A33FD /* View */,
				184FF5961CA829E60075049D /* Controller */,
			);
			name = TodoView;
			sourceTree = "<group>";
		};
		184FF5941CA829D70075049D /* MeView */ = {
			isa = PBXGroup;
			children = (
				18A34D7E1CA8B792009A33FD /* Model */,
				18A34D7D1CA8B789009A33FD /* View */,
				184FF5951CA829DE0075049D /* Controller */,
			);
			name = MeView;
			sourceTree = "<group>";
		};
		184FF5951CA829DE0075049D /* Controller */ = {
			isa = PBXGroup;
			children = (
				18432FEC1CD799C100E5D225 /* DemoSimpleBase.h */,
				18432FED1CD799C100E5D225 /* DemoSimpleBase.m */,
				18432FE61CD7999C00E5D225 /* SimpleCameraComponent.h */,
				18432FE71CD7999C00E5D225 /* SimpleCameraComponent.m */,
				18432FE81CD7999C00E5D225 /* SimpleEditMultipleComponent.h */,
				18432FE91CD7999C00E5D225 /* SimpleEditMultipleComponent.m */,
				18432FE31CD7991400E5D225 /* ChangePortraitViewController.h */,
				18432FE41CD7991400E5D225 /* ChangePortraitViewController.m */,
				18374BFD1CAAC90A004C379E /* AccountViewController.h */,
				18374BFE1CAAC90A004C379E /* AccountViewController.m */,
				18374BF71CAAC88C004C379E /* NotificationViewController.h */,
				18374BF81CAAC88C004C379E /* NotificationViewController.m */,
				18374BEE1CAAC657004C379E /* PrivateViewController.h */,
				18374BEF1CAAC657004C379E /* PrivateViewController.m */,
				18A34DE51CA92B15009A33FD /* MyInfoViewController.h */,
				18A34DE61CA92B15009A33FD /* MyInfoViewController.m */,
				18A34DA11CA8DE67009A33FD /* FeedbackViewController.h */,
				18A34DA21CA8DE67009A33FD /* FeedbackViewController.m */,
				184FF5A51CA82A6D0075049D /* MeViewController.h */,
				184FF5A61CA82A6D0075049D /* MeViewController.m */,
			);
			name = Controller;
			sourceTree = "<group>";
		};
		184FF5961CA829E60075049D /* Controller */ = {
			isa = PBXGroup;
			children = (
				184FF5A81CA82A780075049D /* TodoViewController.h */,
				184FF5A91CA82A780075049D /* TodoViewController.m */,
			);
			name = Controller;
			sourceTree = "<group>";
		};
		184FF5971CA829ED0075049D /* Controller */ = {
			isa = PBXGroup;
			children = (
				184FF5AB1CA82A930075049D /* ContactViewController.h */,
				184FF5AC1CA82A930075049D /* ContactViewController.m */,
			);
			name = Controller;
			sourceTree = "<group>";
		};
		184FF5981CA829F30075049D /* Controller */ = {
			isa = PBXGroup;
			children = (
				184FF5AE1CA82A9D0075049D /* MessageViewController.h */,
				184FF5AF1CA82A9D0075049D /* MessageViewController.m */,
			);
			name = Controller;
			sourceTree = "<group>";
		};
		184FF5B11CA82F540075049D /* MeView */ = {
			isa = PBXGroup;
			children = (
				18A34D891CA8C3C1009A33FD /* icon */,
				184FF5B21CA82F5B0075049D /* btn */,
			);
			name = MeView;
			sourceTree = "<group>";
		};
		184FF5B21CA82F5B0075049D /* btn */ = {
			isa = PBXGroup;
			children = (
				184FF5B31CA82F720075049D /* btn_set_normal@2x.png */,
			);
			name = btn;
			sourceTree = "<group>";
		};
		188D6BF81CA976AD00DA4438 /* Refresh */ = {
			isa = PBXGroup;
			children = (
				188D6BFD1CA9772D00DA4438 /* dropdown_anim__0001@2x.png */,
				188D6BFE1CA9772D00DA4438 /* dropdown_loading_01@2x.png */,
				188D6BFF1CA9772D00DA4438 /* dropdown_loading_02@2x.png */,
				188D6C001CA9772D00DA4438 /* dropdown_loading_03@2x.png */,
			);
			name = Refresh;
			sourceTree = "<group>";
		};
		188D6BF91CA9770300DA4438 /* View */ = {
			isa = PBXGroup;
			children = (
				188D6BFA1CA9771600DA4438 /* MJFooterView.h */,
				188D6BFB1CA9771600DA4438 /* MJFooterView.m */,
			);
			name = View;
			sourceTree = "<group>";
		};
		18A34D7D1CA8B789009A33FD /* View */ = {
			isa = PBXGroup;
			children = (
				18A34DF91CA936DF009A33FD /* MyOtherInfoViewCell.h */,
				18A34DFA1CA936DF009A33FD /* MyOtherInfoViewCell.m */,
				18A34DFB1CA936DF009A33FD /* MyOtherInfoViewCell.xib */,
				18A34DED1CA9302A009A33FD /* MyDetailInfoView.h */,
				18A34DEE1CA9302A009A33FD /* MyDetailInfoView.m */,
				18A34DFE1CA936FC009A33FD /* MyDetailInfoView.xib */,
				18A34D9C1CA8DE47009A33FD /* MeViewOtherCell.h */,
				18A34D9D1CA8DE47009A33FD /* MeViewOtherCell.m */,
				18A34D9E1CA8DE47009A33FD /* MeViewOtherCell.xib */,
				18A34D841CA8B86C009A33FD /* MeViewCell.h */,
				18A34D851CA8B86C009A33FD /* MeViewCell.m */,
				18A34D861CA8B86C009A33FD /* MeViewCell.xib */,
			);
			name = View;
			sourceTree = "<group>";
		};
		18A34D7E1CA8B792009A33FD /* Model */ = {
			isa = PBXGroup;
			children = (
			);
			name = Model;
			sourceTree = "<group>";
		};
		18A34D891CA8C3C1009A33FD /* icon */ = {
			isa = PBXGroup;
			children = (
				18A34D8C1CA8D1B2009A33FD /* account@2x.png */,
				18A34D8D1CA8D1B2009A33FD /* feedback@2x.png */,
				18A34D8E1CA8D1B2009A33FD /* notification@2x.png */,
				18A34D8F1CA8D1B2009A33FD /* private@2x.png */,
				18A34D8A1CA8C3D0009A33FD /* orn_man02@2x.png */,
			);
			name = icon;
			sourceTree = "<group>";
		};
		18A34DA41CA90827009A33FD /* View */ = {
			isa = PBXGroup;
			children = (
				18A34DAB1CA90977009A33FD /* TodoTableViewCell.h */,
				18A34DAC1CA90977009A33FD /* TodoTableViewCell.m */,
				18A34DAD1CA90977009A33FD /* TodoTableViewCell.xib */,
			);
			name = View;
			sourceTree = "<group>";
		};
		18A34DA51CA9082E009A33FD /* Model */ = {
			isa = PBXGroup;
			children = (
			);
			name = Model;
			sourceTree = "<group>";
		};
		18A34DB01CA90D88009A33FD /* GuideView */ = {
			isa = PBXGroup;
			children = (
				18A34DB31CA90DA1009A33FD /* Model */,
				18A34DB21CA90D9B009A33FD /* View */,
				18A34DB11CA90D94009A33FD /* Controller */,
			);
			name = GuideView;
			sourceTree = "<group>";
		};
		18A34DB11CA90D94009A33FD /* Controller */ = {
			isa = PBXGroup;
			children = (
			);
			name = Controller;
			sourceTree = "<group>";
		};
		18A34DB21CA90D9B009A33FD /* View */ = {
			isa = PBXGroup;
			children = (
				18A34DD91CA9135D009A33FD /* GuideView.h */,
				18A34DDA1CA9135D009A33FD /* GuideView.m */,
			);
			name = View;
			sourceTree = "<group>";
		};
		18A34DB31CA90DA1009A33FD /* Model */ = {
			isa = PBXGroup;
			children = (
			);
			name = Model;
			sourceTree = "<group>";
		};
		18A34DB71CA90E36009A33FD /* Includes */ = {
			isa = PBXGroup;
			children = (
				18432FE21CD794E300E5D225 /* TuSDKFramework.h */,
				18A34DB91CA90E79009A33FD /* AppConfig.h */,
			);
			name = Includes;
			sourceTree = "<group>";
		};
		18A34DBD1CA90F72009A33FD /* Vendor */ = {
			isa = PBXGroup;
			children = (
				18432FD91CD78F1D00E5D225 /* libTuSDK */,
				18A34DBE1CA90F85009A33FD /* libBaiduPush */,
			);
			name = Vendor;
			sourceTree = "<group>";
		};
		18A34DBE1CA90F85009A33FD /* libBaiduPush */ = {
			isa = PBXGroup;
			children = (
				18374BD41CAA9A13004C379E /* BPush.h */,
				18374BD51CAA9A13004C379E /* libBPush.a */,
				18374BD61CAA9A13004C379E /* test.caf */,
			);
			name = libBaiduPush;
			sourceTree = "<group>";
		};
		18A34DC41CA91148009A33FD /* GuideView */ = {
			isa = PBXGroup;
			children = (
				18A34DDF1CA92336009A33FD /* btn */,
				18A34DDC1CA91DFD009A33FD /* icon */,
				18A34DD51CA9118E009A33FD /* bg */,
			);
			name = GuideView;
			sourceTree = "<group>";
		};
		18A34DD51CA9118E009A33FD /* bg */ = {
			isa = PBXGroup;
			children = (
				18A34DCD1CA91189009A33FD /* LaunchImage-1-568h@2x.png */,
				18A34DCE1CA91189009A33FD /* LaunchImage-2-568h@2x.png */,
				18A34DCF1CA91189009A33FD /* LaunchImage-3-568h@2x.png */,
				18A34DD01CA91189009A33FD /* LaunchImage-4-568h@2x.png */,
			);
			name = bg;
			sourceTree = "<group>";
		};
		18A34DDC1CA91DFD009A33FD /* icon */ = {
			isa = PBXGroup;
			children = (
				18A34DDD1CA91E15009A33FD /* dot@2x.png */,
			);
			name = icon;
			sourceTree = "<group>";
		};
		18A34DDF1CA92336009A33FD /* btn */ = {
			isa = PBXGroup;
			children = (
				18A34DE01CA92348009A33FD /* btn_return_normal@2x.png */,
			);
			name = btn;
			sourceTree = "<group>";
		};
		FE2E250C36AE50485B15CD25 /* Frameworks */ = {
			isa = PBXGroup;
			children = (
				47F7C8081CB5F274004D8031 /* libxml2.tbd */,
				47F7C8061CB5F269004D8031 /* libresolv.tbd */,
				47F7C8041CB5F257004D8031 /* libiconv.tbd */,
				47F7C8021CB5F244004D8031 /* libstdc++.6.0.9.tbd */,
				47F7C8001CB5F23A004D8031 /* libsqlite3.tbd */,
				47F7C7FE1CB5F203004D8031 /* CFNetwork.framework */,
				47F7C7FC1CB5F1F9004D8031 /* MobileCoreServices.framework */,
				18374BD91CAA9A5C004C379E /* libz.tbd */,
				E7795F7571B4ACE2D8631181 /* libPods.a */,
			);
			name = Frameworks;
			sourceTree = "<group>";
		};
/* End PBXGroup section */

/* Begin PBXNativeTarget section */
		184FF4E21CA78EC30075049D /* Proj318 */ = {
			isa = PBXNativeTarget;
			buildConfigurationList = 184FF4FA1CA78EC30075049D /* Build configuration list for PBXNativeTarget "Proj318" */;
			buildPhases = (
				10DE508AF3E2ECC3587A685C /* Check Pods Manifest.lock */,
				184FF4DF1CA78EC30075049D /* Sources */,
				184FF4E01CA78EC30075049D /* Frameworks */,
				184FF4E11CA78EC30075049D /* Resources */,
				19C2BAF7AE6E1CE8FE4D5489 /* Embed Pods Frameworks */,
				45A5C609611C62B2893B5E99 /* Copy Pods Resources */,
			);
			buildRules = (
			);
			dependencies = (
			);
			name = Proj318;
			productName = Proj318;
			productReference = 184FF4E31CA78EC30075049D /* Proj318.app */;
			productType = "com.apple.product-type.application";
		};
/* End PBXNativeTarget section */

/* Begin PBXProject section */
		184FF4DB1CA78EC30075049D /* Project object */ = {
			isa = PBXProject;
			attributes = {
				LastUpgradeCheck = 0720;
				ORGANIZATIONNAME = apple;
				TargetAttributes = {
					184FF4E21CA78EC30075049D = {
						CreatedOnToolsVersion = 7.2.1;
					};
				};
			};
			buildConfigurationList = 184FF4DE1CA78EC30075049D /* Build configuration list for PBXProject "Proj318" */;
			compatibilityVersion = "Xcode 3.2";
			developmentRegion = English;
			hasScannedForEncodings = 0;
			knownRegions = (
				en,
				Base,
				"zh-Hans",
			);
			mainGroup = 184FF4DA1CA78EC30075049D;
			productRefGroup = 184FF4E41CA78EC30075049D /* Products */;
			projectDirPath = "";
			projectRoot = "";
			targets = (
				184FF4E21CA78EC30075049D /* Proj318 */,
			);
		};
/* End PBXProject section */

/* Begin PBXResourcesBuildPhase section */
		184FF4E11CA78EC30075049D /* Resources */ = {
			isa = PBXResourcesBuildPhase;
			buildActionMask = 2147483647;
			files = (
				18374BD81CAA9A13004C379E /* test.caf in Resources */,
				184FF58C1CA8292C0075049D /* message@2x.png in Resources */,
				18A34DFD1CA936DF009A33FD /* MyOtherInfoViewCell.xib in Resources */,
				18432FDF1CD78F2F00E5D225 /* TuSDK.bundle in Resources */,
				188D6C031CA9772D00DA4438 /* dropdown_loading_02@2x.png in Resources */,
				184FF4F31CA78EC30075049D /* Assets.xcassets in Resources */,
				18A34D911CA8D1B2009A33FD /* feedback@2x.png in Resources */,
				188D6C021CA9772D00DA4438 /* dropdown_loading_01@2x.png in Resources */,
				18A34DD31CA91189009A33FD /* LaunchImage-3-568h@2x.png in Resources */,
				184FF58A1CA8292C0075049D /* me@3x.png in Resources */,
				18A34DD41CA91189009A33FD /* LaunchImage-4-568h@2x.png in Resources */,
				184FF5891CA8292C0075049D /* me@2x.png in Resources */,
				184FF58D1CA8292C0075049D /* message@3x.png in Resources */,
				18374BEA1CAA9B66004C379E /* TheForgotView.xib in Resources */,
				184FF54B1CA812E80075049D /* Localizable.strings in Resources */,
				18A34D921CA8D1B2009A33FD /* notification@2x.png in Resources */,
				18A34DDE1CA91E15009A33FD /* dot@2x.png in Resources */,
				184FF5421CA811870075049D /* loginView-568h@2x.png in Resources */,
				188D6C011CA9772D00DA4438 /* dropdown_anim__0001@2x.png in Resources */,
				184FF5881CA8292C0075049D /* me.png in Resources */,
				18A34DAF1CA90977009A33FD /* TodoTableViewCell.xib in Resources */,
				18A34DD21CA91189009A33FD /* LaunchImage-2-568h@2x.png in Resources */,
				184FF5081CA7A3E40075049D /* Images.xcassets in Resources */,
				18A34DE11CA92348009A33FD /* btn_return_normal@2x.png in Resources */,
				184FF5431CA811870075049D /* loginView@2x.png in Resources */,
				184FF56C1CA81D540075049D /* TheRegisterView.xib in Resources */,
				184FF5B41CA82F720075049D /* btn_set_normal@2x.png in Resources */,
				184FF5901CA8292C0075049D /* todo@3x.png in Resources */,
				184FF58E1CA8292C0075049D /* todo.png in Resources */,
				184FF5851CA8292C0075049D /* contact.png in Resources */,
				188D6C041CA9772D00DA4438 /* dropdown_loading_03@2x.png in Resources */,
				184FF5671CA81D2F0075049D /* TheLoginView.xib in Resources */,
				18A34D901CA8D1B2009A33FD /* account@2x.png in Resources */,
				184FF5511CA815C60075049D /* TheStartView.xib in Resources */,
				18A34DFF1CA936FC009A33FD /* MyDetailInfoView.xib in Resources */,
				184FF5871CA8292C0075049D /* contact@3x.png in Resources */,
				18A34DD11CA91189009A33FD /* LaunchImage-1-568h@2x.png in Resources */,
				184FF5861CA8292C0075049D /* contact@2x.png in Resources */,
				18A34D931CA8D1B2009A33FD /* private@2x.png in Resources */,
				184FF58B1CA8292C0075049D /* message.png in Resources */,
				18A34D881CA8B86C009A33FD /* MeViewCell.xib in Resources */,
				184FF58F1CA8292C0075049D /* todo@2x.png in Resources */,
				18A34D8B1CA8C3D0009A33FD /* orn_man02@2x.png in Resources */,
				18A34DA01CA8DE47009A33FD /* MeViewOtherCell.xib in Resources */,
			);
			runOnlyForDeploymentPostprocessing = 0;
		};
/* End PBXResourcesBuildPhase section */

/* Begin PBXShellScriptBuildPhase section */
		10DE508AF3E2ECC3587A685C /* Check Pods Manifest.lock */ = {
			isa = PBXShellScriptBuildPhase;
			buildActionMask = 2147483647;
			files = (
			);
			inputPaths = (
			);
			name = "Check Pods Manifest.lock";
			outputPaths = (
			);
			runOnlyForDeploymentPostprocessing = 0;
			shellPath = /bin/sh;
			shellScript = "diff \"${PODS_ROOT}/../Podfile.lock\" \"${PODS_ROOT}/Manifest.lock\" > /dev/null\nif [[ $? != 0 ]] ; then\n    cat << EOM\nerror: The sandbox is not in sync with the Podfile.lock. Run 'pod install' or update your CocoaPods installation.\nEOM\n    exit 1\nfi\n";
			showEnvVarsInLog = 0;
		};
		19C2BAF7AE6E1CE8FE4D5489 /* Embed Pods Frameworks */ = {
			isa = PBXShellScriptBuildPhase;
			buildActionMask = 2147483647;
			files = (
			);
			inputPaths = (
			);
			name = "Embed Pods Frameworks";
			outputPaths = (
			);
			runOnlyForDeploymentPostprocessing = 0;
			shellPath = /bin/sh;
			shellScript = "\"${SRCROOT}/Pods/Target Support Files/Pods/Pods-frameworks.sh\"\n";
			showEnvVarsInLog = 0;
		};
		45A5C609611C62B2893B5E99 /* Copy Pods Resources */ = {
			isa = PBXShellScriptBuildPhase;
			buildActionMask = 2147483647;
			files = (
			);
			inputPaths = (
			);
			name = "Copy Pods Resources";
			outputPaths = (
			);
			runOnlyForDeploymentPostprocessing = 0;
			shellPath = /bin/sh;
			shellScript = "\"${SRCROOT}/Pods/Target Support Files/Pods/Pods-resources.sh\"\n";
			showEnvVarsInLog = 0;
		};
/* End PBXShellScriptBuildPhase section */

/* Begin PBXSourcesBuildPhase section */
		184FF4DF1CA78EC30075049D /* Sources */ = {
			isa = PBXSourcesBuildPhase;
			buildActionMask = 2147483647;
			files = (
				184FF5751CA824C40075049D /* MainViewController.m in Sources */,
				184FF4EB1CA78EC30075049D /* AppDelegate.m in Sources */,
				184FF56F1CA81DBA0075049D /* Tools.m in Sources */,
				184FF5121CA7A6CE0075049D /* BaseViewController.m in Sources */,
				18A34D871CA8B86C009A33FD /* MeViewCell.m in Sources */,
				184FF4E81CA78EC30075049D /* main.m in Sources */,
				184FF55D1CA81CB20075049D /* RegisterViewController.m in Sources */,
				18432FEB1CD7999C00E5D225 /* SimpleEditMultipleComponent.m in Sources */,
				184FF5B01CA82A9D0075049D /* MessageViewController.m in Sources */,
				18A34DAE1CA90977009A33FD /* TodoTableViewCell.m in Sources */,
				184FF5A71CA82A6D0075049D /* MeViewController.m in Sources */,
				188D6BFC1CA9771600DA4438 /* MJFooterView.m in Sources */,
				18A34D9F1CA8DE47009A33FD /* MeViewOtherCell.m in Sources */,
				18374BE01CAA9AF7004C379E /* ForgotViewController.m in Sources */,
				18432FE51CD7991400E5D225 /* ChangePortraitViewController.m in Sources */,
				18374BE91CAA9B66004C379E /* TheForgotView.m in Sources */,
				184FF5AD1CA82A930075049D /* ContactViewController.m in Sources */,
				184FF56B1CA81D540075049D /* TheRegisterView.m in Sources */,
				18432FEE1CD799C100E5D225 /* DemoSimpleBase.m in Sources */,
				18A34DE71CA92B15009A33FD /* MyInfoViewController.m in Sources */,
				184FF5361CA80E590075049D /* StartViewController.m in Sources */,
				184FF52A1CA7F9160075049D /* TheLoginView.m in Sources */,
				184FF5061CA79C640075049D /* LoginViewController.m in Sources */,
				18432FEA1CD7999C00E5D225 /* SimpleCameraComponent.m in Sources */,
				184FF5AA1CA82A780075049D /* TodoViewController.m in Sources */,
				18374BF91CAAC88C004C379E /* NotificationViewController.m in Sources */,
				18A34DF01CA9302A009A33FD /* MyDetailInfoView.m in Sources */,
				18A34DFC1CA936DF009A33FD /* MyOtherInfoViewCell.m in Sources */,
				184FF53C1CA80EAA0075049D /* TheStartView.m in Sources */,
				18374BF01CAAC657004C379E /* PrivateViewController.m in Sources */,
				18A34DA31CA8DE67009A33FD /* FeedbackViewController.m in Sources */,
				18A34DDB1CA9135D009A33FD /* GuideView.m in Sources */,
				18374BFF1CAAC90A004C379E /* AccountViewController.m in Sources */,
			);
			runOnlyForDeploymentPostprocessing = 0;
		};
/* End PBXSourcesBuildPhase section */

/* Begin PBXVariantGroup section */
		184FF54D1CA812E80075049D /* Localizable.strings */ = {
			isa = PBXVariantGroup;
			children = (
				184FF54E1CA813020075049D /* en */,
				184FF54F1CA813FE0075049D /* zh-Hans */,
			);
			name = Localizable.strings;
			sourceTree = "<group>";
		};
/* End PBXVariantGroup section */

/* Begin XCBuildConfiguration section */
		184FF4F81CA78EC30075049D /* Debug */ = {
			isa = XCBuildConfiguration;
			buildSettings = {
				ALWAYS_SEARCH_USER_PATHS = NO;
				CLANG_CXX_LANGUAGE_STANDARD = "gnu++0x";
				CLANG_CXX_LIBRARY = "libc++";
				CLANG_ENABLE_MODULES = YES;
				CLANG_ENABLE_OBJC_ARC = YES;
				CLANG_WARN_BOOL_CONVERSION = YES;
				CLANG_WARN_CONSTANT_CONVERSION = YES;
				CLANG_WARN_DIRECT_OBJC_ISA_USAGE = YES_ERROR;
				CLANG_WARN_EMPTY_BODY = YES;
				CLANG_WARN_ENUM_CONVERSION = YES;
				CLANG_WARN_INT_CONVERSION = YES;
				CLANG_WARN_OBJC_ROOT_CLASS = YES_ERROR;
				CLANG_WARN_UNREACHABLE_CODE = YES;
				CLANG_WARN__DUPLICATE_METHOD_MATCH = YES;
				"CODE_SIGN_IDENTITY[sdk=iphoneos*]" = "iPhone Developer";
				COPY_PHASE_STRIP = NO;
				DEBUG_INFORMATION_FORMAT = dwarf;
				ENABLE_STRICT_OBJC_MSGSEND = YES;
				ENABLE_TESTABILITY = YES;
				GCC_C_LANGUAGE_STANDARD = gnu99;
				GCC_DYNAMIC_NO_PIC = NO;
				GCC_NO_COMMON_BLOCKS = YES;
				GCC_OPTIMIZATION_LEVEL = 0;
				GCC_PREPROCESSOR_DEFINITIONS = (
					"DEBUG=1",
					"$(inherited)",
				);
				GCC_WARN_64_TO_32_BIT_CONVERSION = YES;
				GCC_WARN_ABOUT_RETURN_TYPE = YES_ERROR;
				GCC_WARN_UNDECLARED_SELECTOR = YES;
				GCC_WARN_UNINITIALIZED_AUTOS = YES_AGGRESSIVE;
				GCC_WARN_UNUSED_FUNCTION = YES;
				GCC_WARN_UNUSED_VARIABLE = YES;
				IPHONEOS_DEPLOYMENT_TARGET = 9.2;
				MTL_ENABLE_DEBUG_INFO = YES;
				ONLY_ACTIVE_ARCH = YES;
				SDKROOT = iphoneos;
				TARGETED_DEVICE_FAMILY = "1,2";
			};
			name = Debug;
		};
		184FF4F91CA78EC30075049D /* Release */ = {
			isa = XCBuildConfiguration;
			buildSettings = {
				ALWAYS_SEARCH_USER_PATHS = NO;
				CLANG_CXX_LANGUAGE_STANDARD = "gnu++0x";
				CLANG_CXX_LIBRARY = "libc++";
				CLANG_ENABLE_MODULES = YES;
				CLANG_ENABLE_OBJC_ARC = YES;
				CLANG_WARN_BOOL_CONVERSION = YES;
				CLANG_WARN_CONSTANT_CONVERSION = YES;
				CLANG_WARN_DIRECT_OBJC_ISA_USAGE = YES_ERROR;
				CLANG_WARN_EMPTY_BODY = YES;
				CLANG_WARN_ENUM_CONVERSION = YES;
				CLANG_WARN_INT_CONVERSION = YES;
				CLANG_WARN_OBJC_ROOT_CLASS = YES_ERROR;
				CLANG_WARN_UNREACHABLE_CODE = YES;
				CLANG_WARN__DUPLICATE_METHOD_MATCH = YES;
				"CODE_SIGN_IDENTITY[sdk=iphoneos*]" = "iPhone Developer";
				COPY_PHASE_STRIP = NO;
				DEBUG_INFORMATION_FORMAT = "dwarf-with-dsym";
				ENABLE_NS_ASSERTIONS = NO;
				ENABLE_STRICT_OBJC_MSGSEND = YES;
				GCC_C_LANGUAGE_STANDARD = gnu99;
				GCC_NO_COMMON_BLOCKS = YES;
				GCC_WARN_64_TO_32_BIT_CONVERSION = YES;
				GCC_WARN_ABOUT_RETURN_TYPE = YES_ERROR;
				GCC_WARN_UNDECLARED_SELECTOR = YES;
				GCC_WARN_UNINITIALIZED_AUTOS = YES_AGGRESSIVE;
				GCC_WARN_UNUSED_FUNCTION = YES;
				GCC_WARN_UNUSED_VARIABLE = YES;
				IPHONEOS_DEPLOYMENT_TARGET = 9.2;
				MTL_ENABLE_DEBUG_INFO = NO;
				SDKROOT = iphoneos;
				TARGETED_DEVICE_FAMILY = "1,2";
				VALIDATE_PRODUCT = YES;
			};
			name = Release;
		};
		184FF4FB1CA78EC30075049D /* Debug */ = {
			isa = XCBuildConfiguration;
			baseConfigurationReference = 10C9B4D2D7A49C768B7E7EC7 /* Pods.debug.xcconfig */;
			buildSettings = {
				ASSETCATALOG_COMPILER_APPICON_NAME = AppIcon;
				ASSETCATALOG_COMPILER_LAUNCHIMAGE_NAME = "Brand Assets";
				ENABLE_BITCODE = NO;
				FRAMEWORK_SEARCH_PATHS = (
					"$(inherited)",
					"$(PROJECT_DIR)/Proj318/Vendor/libTuSDK",
				);
				INFOPLIST_FILE = Proj318/Info.plist;
				IPHONEOS_DEPLOYMENT_TARGET = 6.0;
				LD_RUNPATH_SEARCH_PATHS = "$(inherited) @executable_path/Frameworks";
				LIBRARY_SEARCH_PATHS = (
					"$(inherited)",
					"$(PROJECT_DIR)/Proj318/Vendor/libBaiduPush",
				);
				PRODUCT_BUNDLE_IDENTIFIER = com.special.list.Proj318;
				PRODUCT_NAME = "$(TARGET_NAME)";
			};
			name = Debug;
		};
		184FF4FC1CA78EC30075049D /* Release */ = {
			isa = XCBuildConfiguration;
			baseConfigurationReference = 26353202A0E079B7BAD9065E /* Pods.release.xcconfig */;
			buildSettings = {
				ASSETCATALOG_COMPILER_APPICON_NAME = AppIcon;
				ASSETCATALOG_COMPILER_LAUNCHIMAGE_NAME = "Brand Assets";
				ENABLE_BITCODE = NO;
				FRAMEWORK_SEARCH_PATHS = (
					"$(inherited)",
					"$(PROJECT_DIR)/Proj318/Vendor/libTuSDK",
				);
				INFOPLIST_FILE = Proj318/Info.plist;
				IPHONEOS_DEPLOYMENT_TARGET = 6.0;
				LD_RUNPATH_SEARCH_PATHS = "$(inherited) @executable_path/Frameworks";
				LIBRARY_SEARCH_PATHS = (
					"$(inherited)",
					"$(PROJECT_DIR)/Proj318/Vendor/libBaiduPush",
				);
				PRODUCT_BUNDLE_IDENTIFIER = com.special.list.Proj318;
				PRODUCT_NAME = "$(TARGET_NAME)";
			};
			name = Release;
		};
/* End XCBuildConfiguration section */

/* Begin XCConfigurationList section */
		184FF4DE1CA78EC30075049D /* Build configuration list for PBXProject "Proj318" */ = {
			isa = XCConfigurationList;
			buildConfigurations = (
				184FF4F81CA78EC30075049D /* Debug */,
				184FF4F91CA78EC30075049D /* Release */,
			);
			defaultConfigurationIsVisible = 0;
			defaultConfigurationName = Release;
		};
		184FF4FA1CA78EC30075049D /* Build configuration list for PBXNativeTarget "Proj318" */ = {
			isa = XCConfigurationList;
			buildConfigurations = (
				184FF4FB1CA78EC30075049D /* Debug */,
				184FF4FC1CA78EC30075049D /* Release */,
			);
			defaultConfigurationIsVisible = 0;
			defaultConfigurationName = Release;
		};
/* End XCConfigurationList section */
	};
	rootObject = 184FF4DB1CA78EC30075049D /* Project object */;
}
